
Microsoft Visual Studio Solution File, Format Version 12.00
# Visual Studio Version 17
VisualStudioVersion = 17.11.35303.130
MinimumVisualStudioVersion = 10.0.40219.1
Project("{FAE04EC0-301F-11D3-BF4B-00C04F79EFBC}") = "EfCore.EasyRepo", "EfCore.EasyRepo\EfCore.EasyRepo.csproj", "{B1857FBF-422D-4EC2-97E6-F8FFB082089F}"
EndProject
Global
	GlobalSection(SolutionConfigurationPlatforms) = preSolution
		Debug|Any CPU = Debug|Any CPU
		Release|Any CPU = Release|Any CPU
	EndGlobalSection
	GlobalSection(ProjectConfigurationPlatforms) = postSolution
		{B1857FBF-422D-4EC2-97E6-F8FFB082089F}.Debug|Any CPU.ActiveCfg = Debug|Any CPU
		{B1857FBF-422D-4EC2-97E6-F8FFB082089F}.Debug|Any CPU.Build.0 = Debug|Any CPU
		{B1857FBF-422D-4EC2-97E6-F8FFB082089F}.Release|Any CPU.ActiveCfg = Release|Any CPU
		{B1857FBF-422D-4EC2-97E6-F8FFB082089F}.Release|Any CPU.Build.0 = Release|Any CPU
	EndGlobalSection
	GlobalSection(SolutionProperties) = preSolution
		HideSolutionNode = FALSE
	EndGlobalSection
	GlobalSection(ExtensibilityGlobals) = postSolution
		SolutionGuid = {76742177-5EC8-4FB8-907B-AA89912E2BA8}
	EndGlobalSection
EndGlobal
